
Microsoft Visual Studio Solution File, Format Version 12.00
# Visual Studio 15
VisualStudioVersion = 15.0.27428.2037
MinimumVisualStudioVersion = 10.0.40219.1
Project("{9A19103F-16F7-4668-BE54-9A1E7A4F7556}") = "Chris.Framework.Data.MongoDb", "Chris.Framework.Data.MongoDb\Chris.Framework.Data.MongoDb.csproj", "{AC9A55E5-C366-45E1-9776-8DB68536B302}"
EndProject
Project("{2150E333-8FDC-42A3-9474-1A3956D46DE8}") = "UnitTest", "UnitTest", "{F79D9913-CF33-4CE7-8BBC-DDBEAD0444FC}"
EndProject
Project("{FAE04EC0-301F-11D3-BF4B-00C04F79EFBC}") = "Chris.Framework.Data.MongoDb.Test", "Test\Chris.Framework.Data.MongoDb.Test\Chris.Framework.Data.MongoDb.Test.csproj", "{C553DA25-4D87-45DB-ACAF-989898BE62B3}"
EndProject
Global
	GlobalSection(SolutionConfigurationPlatforms) = preSolution
		DBUG|Any CPU = DBUG|Any CPU
		Debug|Any CPU = Debug|Any CPU
		Release|Any CPU = Release|Any CPU
	EndGlobalSection
	GlobalSection(ProjectConfigurationPlatforms) = postSolution
		{AC9A55E5-C366-45E1-9776-8DB68536B302}.DBUG|Any CPU.ActiveCfg = DBUG|Any CPU
		{AC9A55E5-C366-45E1-9776-8DB68536B302}.DBUG|Any CPU.Build.0 = DBUG|Any CPU
		{AC9A55E5-C366-45E1-9776-8DB68536B302}.Debug|Any CPU.ActiveCfg = Debug|Any CPU
		{AC9A55E5-C366-45E1-9776-8DB68536B302}.Debug|Any CPU.Build.0 = Debug|Any CPU
		{AC9A55E5-C366-45E1-9776-8DB68536B302}.Release|Any CPU.ActiveCfg = Release|Any CPU
		{AC9A55E5-C366-45E1-9776-8DB68536B302}.Release|Any CPU.Build.0 = Release|Any CPU
		{C553DA25-4D87-45DB-ACAF-989898BE62B3}.DBUG|Any CPU.ActiveCfg = Debug|Any CPU
		{C553DA25-4D87-45DB-ACAF-989898BE62B3}.DBUG|Any CPU.Build.0 = Debug|Any CPU
		{C553DA25-4D87-45DB-ACAF-989898BE62B3}.Debug|Any CPU.ActiveCfg = Debug|Any CPU
		{C553DA25-4D87-45DB-ACAF-989898BE62B3}.Debug|Any CPU.Build.0 = Debug|Any CPU
		{C553DA25-4D87-45DB-ACAF-989898BE62B3}.Release|Any CPU.ActiveCfg = Release|Any CPU
		{C553DA25-4D87-45DB-ACAF-989898BE62B3}.Release|Any CPU.Build.0 = Release|Any CPU
	EndGlobalSection
	GlobalSection(SolutionProperties) = preSolution
		HideSolutionNode = FALSE
	EndGlobalSection
	GlobalSection(NestedProjects) = preSolution
		{C553DA25-4D87-45DB-ACAF-989898BE62B3} = {F79D9913-CF33-4CE7-8BBC-DDBEAD0444FC}
	EndGlobalSection
	GlobalSection(ExtensibilityGlobals) = postSolution
		SolutionGuid = {AFE5EDAE-A18D-441F-BD2F-5672DCE204CD}
	EndGlobalSection
EndGlobal
